// !$*UTF8*$!
{
	archiveVersion = 1;
	classes = {
	};
	objectVersion = 46;
	objects = {

/* Begin PBXBuildFile section */
		29C36C4F1A409688006A83A2 /* AppDelegate.swift in Sources */ = {isa = PBXBuildFile; fileRef = 29C36C4E1A409688006A83A2 /* AppDelegate.swift */; };
		29C36C511A409688006A83A2 /* ViewController.swift in Sources */ = {isa = PBXBuildFile; fileRef = 29C36C501A409688006A83A2 /* ViewController.swift */; };
		29C36C541A409688006A83A2 /* Main.storyboard in Resources */ = {isa = PBXBuildFile; fileRef = 29C36C521A409688006A83A2 /* Main.storyboard */; };
		29C36C561A409688006A83A2 /* Images.xcassets in Resources */ = {isa = PBXBuildFile; fileRef = 29C36C551A409688006A83A2 /* Images.xcassets */; };
		29C36C591A409688006A83A2 /* LaunchScreen.xib in Resources */ = {isa = PBXBuildFile; fileRef = 29C36C571A409688006A83A2 /* LaunchScreen.xib */; };
		29C36C651A409688006A83A2 /* PanoramicTests.swift in Sources */ = {isa = PBXBuildFile; fileRef = 29C36C641A409688006A83A2 /* PanoramicTests.swift */; };
/* End PBXBuildFile section */

/* Begin PBXContainerItemProxy section */
		29C36C5F1A409688006A83A2 /* PBXContainerItemProxy */ = {
			isa = PBXContainerItemProxy;
			containerPortal = 29C36C411A409688006A83A2 /* Project object */;
			proxyType = 1;
			remoteGlobalIDString = 29C36C481A409688006A83A2;
			remoteInfo = Panoramic;
		};
/* End PBXContainerItemProxy section */

/* Begin PBXFileReference section */
		29C36C491A409688006A83A2 /* Panoramic.app */ = {isa = PBXFileReference; explicitFileType = wrapper.application; includeInIndex = 0; path = Panoramic.app; sourceTree = BUILT_PRODUCTS_DIR; };
		29C36C4D1A409688006A83A2 /* Info.plist */ = {isa = PBXFileReference; lastKnownFileType = text.plist.xml; path = Info.plist; sourceTree = "<group>"; };
		29C36C4E1A409688006A83A2 /* AppDelegate.swift */ = {isa = PBXFileReference; lastKnownFileType = sourcecode.swift; path = AppDelegate.swift; sourceTree = "<group>"; };
		29C36C501A409688006A83A2 /* ViewController.swift */ = {isa = PBXFileReference; lastKnownFileType = sourcecode.swift; path = ViewController.swift; sourceTree = "<group>"; };
		29C36C531A409688006A83A2 /* Base */ = {isa = PBXFileReference; lastKnownFileType = file.storyboard; name = Base; path = Base.lproj/Main.storyboard; sourceTree = "<group>"; };
		29C36C551A409688006A83A2 /* Images.xcassets */ = {isa = PBXFileReference; lastKnownFileType = folder.assetcatalog; path = Images.xcassets; sourceTree = "<group>"; };
		29C36C581A409688006A83A2 /* Base */ = {isa = PBXFileReference; lastKnownFileType = file.xib; name = Base; path = Base.lproj/LaunchScreen.xib; sourceTree = "<group>"; };
		29C36C5E1A409688006A83A2 /* PanoramicTests.xctest */ = {isa = PBXFileReference; explicitFileType = wrapper.cfbundle; includeInIndex = 0; path = PanoramicTests.xctest; sourceTree = BUILT_PRODUCTS_DIR; };
		29C36C631A409688006A83A2 /* Info.plist */ = {isa = PBXFileReference; lastKnownFileType = text.plist.xml; path = Info.plist; sourceTree = "<group>"; };
		29C36C641A409688006A83A2 /* PanoramicTests.swift */ = {isa = PBXFileReference; lastKnownFileType = sourcecode.swift; path = PanoramicTests.swift; sourceTree = "<group>"; };
/* End PBXFileReference section */

/* Begin PBXFrameworksBuildPhase section */
		29C36C461A409688006A83A2 /* Frameworks */ = {
			isa = PBXFrameworksBuildPhase;
			buildActionMask = 2147483647;
			files = (
			);
			runOnlyForDeploymentPostprocessing = 0;
		};
		29C36C5B1A409688006A83A2 /* Frameworks */ = {
			isa = PBXFrameworksBuildPhase;
			buildActionMask = 2147483647;
			files = (
			);
			runOnlyForDeploymentPostprocessing = 0;
		};
/* End PBXFrameworksBuildPhase section */

/* Begin PBXGroup section */
		29C36C401A409688006A83A2 = {
			isa = PBXGroup;
			children = (
				29C36C4B1A409688006A83A2 /* Panoramic */,
				29C36C611A409688006A83A2 /* PanoramicTests */,
				29C36C4A1A409688006A83A2 /* Products */,
			);
			sourceTree = "<group>";
		};
		29C36C4A1A409688006A83A2 /* Products */ = {
			isa = PBXGroup;
			children = (
				29C36C491A409688006A83A2 /* Panoramic.app */,
				29C36C5E1A409688006A83A2 /* PanoramicTests.xctest */,
			);
			name = Products;
			sourceTree = "<group>";
		};
		29C36C4B1A409688006A83A2 /* Panoramic */ = {
			isa = PBXGroup;
			children = (
				29C36C4E1A409688006A83A2 /* AppDelegate.swift */,
				29C36C501A409688006A83A2 /* ViewController.swift */,
				29C36C521A409688006A83A2 /* Main.storyboard */,
				29C36C551A409688006A83A2 /* Images.xcassets */,
				29C36C571A409688006A83A2 /* LaunchScreen.xib */,
				29C36C4C1A409688006A83A2 /* Supporting Files */,
			);
			path = Panoramic;
			sourceTree = "<group>";
		};
		29C36C4C1A409688006A83A2 /* Supporting Files */ = {
			isa = PBXGroup;
			children = (
				29C36C4D1A409688006A83A2 /* Info.plist */,
			);
			name = "Supporting Files";
			sourceTree = "<group>";
		};
		29C36C611A409688006A83A2 /* PanoramicTests */ = {
			isa = PBXGroup;
			children = (
				29C36C641A409688006A83A2 /* PanoramicTests.swift */,
				29C36C621A409688006A83A2 /* Supporting Files */,
			);
			path = PanoramicTests;
			sourceTree = "<group>";
		};
		29C36C621A409688006A83A2 /* Supporting Files */ = {
			isa = PBXGroup;
			children = (
				29C36C631A409688006A83A2 /* Info.plist */,
			);
			name = "Supporting Files";
			sourceTree = "<group>";
		};
/* End PBXGroup section */

/* Begin PBXNativeTarget section */
		29C36C481A409688006A83A2 /* Panoramic */ = {
			isa = PBXNativeTarget;
			buildConfigurationList = 29C36C681A409688006A83A2 /* Build configuration list for PBXNativeTarget "Panoramic" */;
			buildPhases = (
				29C36C451A409688006A83A2 /* Sources */,
				29C36C461A409688006A83A2 /* Frameworks */,
				29C36C471A409688006A83A2 /* Resources */,
			);
			buildRules = (
			);
			dependencies = (
			);
			name = Panoramic;
			productName = Panoramic;
			productReference = 29C36C491A409688006A83A2 /* Panoramic.app */;
			productType = "com.apple.product-type.application";
		};
		29C36C5D1A409688006A83A2 /* PanoramicTests */ = {
			isa = PBXNativeTarget;
			buildConfigurationList = 29C36C6B1A409688006A83A2 /* Build configuration list for PBXNativeTarget "PanoramicTests" */;
			buildPhases = (
				29C36C5A1A409688006A83A2 /* Sources */,
				29C36C5B1A409688006A83A2 /* Frameworks */,
				29C36C5C1A409688006A83A2 /* Resources */,
			);
			buildRules = (
			);
			dependencies = (
				29C36C601A409688006A83A2 /* PBXTargetDependency */,
			);
			name = PanoramicTests;
			productName = PanoramicTests;
			productReference = 29C36C5E1A409688006A83A2 /* PanoramicTests.xctest */;
			productType = "com.apple.product-type.bundle.unit-test";
		};
/* End PBXNativeTarget section */

/* Begin PBXProject section */
		29C36C411A409688006A83A2 /* Project object */ = {
			isa = PBXProject;
			attributes = {
				LastUpgradeCheck = 0620;
				ORGANIZATIONNAME = SMApps;
				TargetAttributes = {
					29C36C481A409688006A83A2 = {
						CreatedOnToolsVersion = 6.2;
					};
					29C36C5D1A409688006A83A2 = {
						CreatedOnToolsVersion = 6.2;
						TestTargetID = 29C36C481A409688006A83A2;
					};
				};
			};
			buildConfigurationList = 29C36C441A409688006A83A2 /* Build configuration list for PBXProject "Panoramic" */;
			compatibilityVersion = "Xcode 3.2";
			developmentRegion = English;
			hasScannedForEncodings = 0;
			knownRegions = (
				en,
				Base,
			);
			mainGroup = 29C36C401A409688006A83A2;
			productRefGroup = 29C36C4A1A409688006A83A2 /* Products */;
			projectDirPath = "";
			projectRoot = "";
			targets = (
				29C36C481A409688006A83A2 /* Panoramic */,
				29C36C5D1A409688006A83A2 /* PanoramicTests */,
			);
		};
/* End PBXProject section */

/* Begin PBXResourcesBuildPhase section */
		29C36C471A409688006A83A2 /* Resources */ = {
			isa = PBXResourcesBuildPhase;
			buildActionMask = 2147483647;
			files = (
				29C36C541A409688006A83A2 /* Main.storyboard in Resources */,
				29C36C591A409688006A83A2 /* LaunchScreen.xib in Resources */,
				29C36C561A409688006A83A2 /* Images.xcassets in Resources */,
			);
			runOnlyForDeploymentPostprocessing = 0;
		};
		29C36C5C1A409688006A83A2 /* Resources */ = {
			isa = PBXResourcesBuildPhase;
			buildActionMask = 2147483647;
			files = (
			);
			runOnlyForDeploymentPostprocessing = 0;
		};
/* End PBXResourcesBuildPhase section */

/* Begin PBXSourcesBuildPhase section */
		29C36C451A409688006A83A2 /* Sources */ = {
			isa = PBXSourcesBuildPhase;
			buildActionMask = 2147483647;
			files = (
				29C36C511A409688006A83A2 /* ViewController.swift in Sources */,
				29C36C4F1A409688006A83A2 /* AppDelegate.swift in Sources */,
			);
			runOnlyForDeploymentPostprocessing = 0;
		};
		29C36C5A1A409688006A83A2 /* Sources */ = {
			isa = PBXSourcesBuildPhase;
			buildActionMask = 2147483647;
			files = (
				29C36C651A409688006A83A2 /* PanoramicTests.swift in Sources */,
			);
			runOnlyForDeploymentPostprocessing = 0;
		};
/* End PBXSourcesBuildPhase section */

/* Begin PBXTargetDependency section */
		29C36C601A409688006A83A2 /* PBXTargetDependency */ = {
			isa = PBXTargetDependency;
			target = 29C36C481A409688006A83A2 /* Panoramic */;
			targetProxy = 29C36C5F1A409688006A83A2 /* PBXContainerItemProxy */;
		};
/* End PBXTargetDependency section */

/* Begin PBXVariantGroup section */
		29C36C521A409688006A83A2 /* Main.storyboard */ = {
			isa = PBXVariantGroup;
			children = (
				29C36C531A409688006A83A2 /* Base */,
			);
			name = Main.storyboard;
			sourceTree = "<group>";
		};
		29C36C571A409688006A83A2 /* LaunchScreen.xib */ = {
			isa = PBXVariantGroup;
			children = (
				29C36C581A409688006A83A2 /* Base */,
			);
			name = LaunchScreen.xib;
			sourceTree = "<group>";
		};
/* End PBXVariantGroup section */

/* Begin XCBuildConfiguration section */
		29C36C661A409688006A83A2 /* Debug */ = {
			isa = XCBuildConfiguration;
			buildSettings = {
				ALWAYS_SEARCH_USER_PATHS = NO;
				CLANG_CXX_LANGUAGE_STANDARD = "gnu++0x";
				CLANG_CXX_LIBRARY = "libc++";
				CLANG_ENABLE_MODULES = YES;
				CLANG_ENABLE_OBJC_ARC = YES;
				CLANG_WARN_BOOL_CONVERSION = YES;
				CLANG_WARN_CONSTANT_CONVERSION = YES;
				CLANG_WARN_DIRECT_OBJC_ISA_USAGE = YES_ERROR;
				CLANG_WARN_EMPTY_BODY = YES;
				CLANG_WARN_ENUM_CONVERSION = YES;
				CLANG_WARN_INT_CONVERSION = YES;
				CLANG_WARN_OBJC_ROOT_CLASS = YES_ERROR;
				CLANG_WARN_UNREACHABLE_CODE = YES;
				CLANG_WARN__DUPLICATE_METHOD_MATCH = YES;
				"CODE_SIGN_IDENTITY[sdk=iphoneos*]" = "iPhone Developer";
				COPY_PHASE_STRIP = NO;
				ENABLE_STRICT_OBJC_MSGSEND = YES;
				GCC_C_LANGUAGE_STANDARD = gnu99;
				GCC_DYNAMIC_NO_PIC = NO;
				GCC_OPTIMIZATION_LEVEL = 0;
				GCC_PREPROCESSOR_DEFINITIONS = (
					"DEBUG=1",
					"$(inherited)",
				);
				GCC_SYMBOLS_PRIVATE_EXTERN = NO;
				GCC_WARN_64_TO_32_BIT_CONVERSION = YES;
				GCC_WARN_ABOUT_RETURN_TYPE = YES_ERROR;
				GCC_WARN_UNDECLARED_SELECTOR = YES;
				GCC_WARN_UNINITIALIZED_AUTOS = YES_AGGRESSIVE;
				GCC_WARN_UNUSED_FUNCTION = YES;
				GCC_WARN_UNUSED_VARIABLE = YES;
				IPHONEOS_DEPLOYMENT_TARGET = 8.2;
				MTL_ENABLE_DEBUG_INFO = YES;
				ONLY_ACTIVE_ARCH = YES;
				SDKROOT = iphoneos;
				SWIFT_OPTIMIZATION_LEVEL = "-Onone";
			};
			name = Debug;
		};
		29C36C671A409688006A83A2 /* Release */ = {
			isa = XCBuildConfiguration;
			buildSettings = {
				ALWAYS_SEARCH_USER_PATHS = NO;
				CLANG_CXX_LANGUAGE_STANDARD = "gnu++0x";
				CLANG_CXX_LIBRARY = "libc++";
				CLANG_ENABLE_MODULES = YES;
				CLANG_ENABLE_OBJC_ARC = YES;
				CLANG_WARN_BOOL_CONVERSION = YES;
				CLANG_WARN_CONSTANT_CONVERSION = YES;
				CLANG_WARN_DIRECT_OBJC_ISA_USAGE = YES_ERROR;
				CLANG_WARN_EMPTY_BODY = YES;
				CLANG_WARN_ENUM_CONVERSION = YES;
				CLANG_WARN_INT_CONVERSION = YES;
				CLANG_WARN_OBJC_ROOT_CLASS = YES_ERROR;
				CLANG_WARN_UNREACHABLE_CODE = YES;
				CLANG_WARN__DUPLICATE_METHOD_MATCH = YES;
				"CODE_SIGN_IDENTITY[sdk=iphoneos*]" = "iPhone Developer";
				COPY_PHASE_STRIP = YES;
				ENABLE_NS_ASSERTIONS = NO;
				ENABLE_STRICT_OBJC_MSGSEND = YES;
				GCC_C_LANGUAGE_STANDARD = gnu99;
				GCC_WARN_64_TO_32_BIT_CONVERSION = YES;
				GCC_WARN_ABOUT_RETURN_TYPE = YES_ERROR;
				GCC_WARN_UNDECLARED_SELECTOR = YES;
				GCC_WARN_UNINITIALIZED_AUTOS = YES_AGGRESSIVE;
				GCC_WARN_UNUSED_FUNCTION = YES;
				GCC_WARN_UNUSED_VARIABLE = YES;
				IPHONEOS_DEPLOYMENT_TARGET = 8.2;
				MTL_ENABLE_DEBUG_INFO = NO;
				SDKROOT = iphoneos;
				VALIDATE_PRODUCT = YES;
			};
			name = Release;
		};
		29C36C691A409688006A83A2 /* Debug */ = {
			isa = XCBuildConfiguration;
			buildSettings = {
				ASSETCATALOG_COMPILER_APPICON_NAME = AppIcon;
				INFOPLIST_FILE = Panoramic/Info.plist;
				LD_RUNPATH_SEARCH_PATHS = "$(inherited) @executable_path/Frameworks";
				PRODUCT_NAME = "$(TARGET_NAME)";
			};
			name = Debug;
		};
		29C36C6A1A409688006A83A2 /* Release */ = {
			isa = XCBuildConfiguration;
			buildSettings = {
				ASSETCATALOG_COMPILER_APPICON_NAME = AppIcon;
				INFOPLIST_FILE = Panoramic/Info.plist;
				LD_RUNPATH_SEARCH_PATHS = "$(inherited) @executable_path/Frameworks";
				PRODUCT_NAME = "$(TARGET_NAME)";
			};
			name = Release;
		};
		29C36C6C1A409688006A83A2 /* Debug */ = {
			isa = XCBuildConfiguration;
			buildSettings = {
				BUNDLE_LOADER = "$(TEST_HOST)";
				FRAMEWORK_SEARCH_PATHS = (
					"$(SDKROOT)/Developer/Library/Frameworks",
					"$(inherited)",
				);
				GCC_PREPROCESSOR_DEFINITIONS = (
					"DEBUG=1",
					"$(inherited)",
				);
				INFOPLIST_FILE = PanoramicTests/Info.plist;
				LD_RUNPATH_SEARCH_PATHS = "$(inherited) @executable_path/Frameworks @loader_path/Frameworks";
				PRODUCT_NAME = "$(TARGET_NAME)";
				TEST_HOST = "$(BUILT_PRODUCTS_DIR)/Panoramic.app/Panoramic";
			};
			name = Debug;
		};
		29C36C6D1A409688006A83A2 /* Release */ = {
			isa = XCBuildConfiguration;
			buildSettings = {
				BUNDLE_LOADER = "$(TEST_HOST)";
				FRAMEWORK_SEARCH_PATHS = (
					"$(SDKROOT)/Developer/Library/Frameworks",
					"$(inherited)",
				);
				INFOPLIST_FILE = PanoramicTests/Info.plist;
				LD_RUNPATH_SEARCH_PATHS = "$(inherited) @executable_path/Frameworks @loader_path/Frameworks";
				PRODUCT_NAME = "$(TARGET_NAME)";
				TEST_HOST = "$(BUILT_PRODUCTS_DIR)/Panoramic.app/Panoramic";
			};
			name = Release;
		};
/* End XCBuildConfiguration section */

/* Begin XCConfigurationList section */
		29C36C441A409688006A83A2 /* Build configuration list for PBXProject "Panoramic" */ = {
			isa = XCConfigurationList;
			buildConfigurations = (
				29C36C661A409688006A83A2 /* Debug */,
				29C36C671A409688006A83A2 /* Release */,
			);
			defaultConfigurationIsVisible = 0;
			defaultConfigurationName = Release;
		};
		29C36C681A409688006A83A2 /* Build configuration list for PBXNativeTarget "Panoramic" */ = {
			isa = XCConfigurationList;
			buildConfigurations = (
				29C36C691A409688006A83A2 /* Debug */,
				29C36C6A1A409688006A83A2 /* Release */,
			);
			defaultConfigurationIsVisible = 0;
		};
		29C36C6B1A409688006A83A2 /* Build configuration list for PBXNativeTarget "PanoramicTests" */ = {
			isa = XCConfigurationList;
			buildConfigurations = (
				29C36C6C1A409688006A83A2 /* Debug */,
				29C36C6D1A409688006A83A2 /* Release */,
			);
			defaultConfigurationIsVisible = 0;
		};
/* End XCConfigurationList section */
	};
	rootObject = 29C36C411A409688006A83A2 /* Project object */;
}
